
Microsoft Visual Studio Solution File, Format Version 12.00
# Visual Studio 15
VisualStudioVersion = 15.0.28307.1022
MinimumVisualStudioVersion = 10.0.40219.1
Project("{FAE04EC0-301F-11D3-BF4B-00C04F79EFBC}") = "ABPWebApi", "ABPWebApi\ABPWebApi.csproj", "{C05AD88B-D7F2-4025-955B-DA2165A42EE3}"
EndProject
Project("{FAE04EC0-301F-11D3-BF4B-00C04F79EFBC}") = "SdudentApi", "SdudentApi\SdudentApi.csproj", "{C6C9AFFE-6FFE-4850-B8ED-405CFEEF3A2B}"
EndProject
Project("{2150E333-8FDC-42A3-9474-1A3956D46DE8}") = "Module", "Module", "{E46EF286-E8CE-41B2-A6DC-CF1D1EDE984F}"
EndProject
Project("{FAE04EC0-301F-11D3-BF4B-00C04F79EFBC}") = "TeacherApi", "TeacherApi\TeacherApi.csproj", "{9226F9AF-AB6B-4D80-A69C-EEFCAEC79409}"
EndProject
Global
	GlobalSection(SolutionConfigurationPlatforms) = preSolution
		Debug|Any CPU = Debug|Any CPU
		Release|Any CPU = Release|Any CPU
	EndGlobalSection
	GlobalSection(ProjectConfigurationPlatforms) = postSolution
		{C05AD88B-D7F2-4025-955B-DA2165A42EE3}.Debug|Any CPU.ActiveCfg = Debug|Any CPU
		{C05AD88B-D7F2-4025-955B-DA2165A42EE3}.Debug|Any CPU.Build.0 = Debug|Any CPU
		{C05AD88B-D7F2-4025-955B-DA2165A42EE3}.Release|Any CPU.ActiveCfg = Release|Any CPU
		{C05AD88B-D7F2-4025-955B-DA2165A42EE3}.Release|Any CPU.Build.0 = Release|Any CPU
		{C6C9AFFE-6FFE-4850-B8ED-405CFEEF3A2B}.Debug|Any CPU.ActiveCfg = Debug|Any CPU
		{C6C9AFFE-6FFE-4850-B8ED-405CFEEF3A2B}.Debug|Any CPU.Build.0 = Debug|Any CPU
		{C6C9AFFE-6FFE-4850-B8ED-405CFEEF3A2B}.Release|Any CPU.ActiveCfg = Release|Any CPU
		{C6C9AFFE-6FFE-4850-B8ED-405CFEEF3A2B}.Release|Any CPU.Build.0 = Release|Any CPU
		{9226F9AF-AB6B-4D80-A69C-EEFCAEC79409}.Debug|Any CPU.ActiveCfg = Debug|Any CPU
		{9226F9AF-AB6B-4D80-A69C-EEFCAEC79409}.Debug|Any CPU.Build.0 = Debug|Any CPU
		{9226F9AF-AB6B-4D80-A69C-EEFCAEC79409}.Release|Any CPU.ActiveCfg = Release|Any CPU
		{9226F9AF-AB6B-4D80-A69C-EEFCAEC79409}.Release|Any CPU.Build.0 = Release|Any CPU
	EndGlobalSection
	GlobalSection(SolutionProperties) = preSolution
		HideSolutionNode = FALSE
	EndGlobalSection
	GlobalSection(NestedProjects) = preSolution
		{C6C9AFFE-6FFE-4850-B8ED-405CFEEF3A2B} = {E46EF286-E8CE-41B2-A6DC-CF1D1EDE984F}
		{9226F9AF-AB6B-4D80-A69C-EEFCAEC79409} = {E46EF286-E8CE-41B2-A6DC-CF1D1EDE984F}
	EndGlobalSection
	GlobalSection(ExtensibilityGlobals) = postSolution
		SolutionGuid = {C99D6884-3DAA-4397-AAD7-2076374E4B86}
	EndGlobalSection
EndGlobal
